
Microsoft Visual Studio Solution File, Format Version 12.00
# Visual Studio Version 17
VisualStudioVersion = 17.5.33414.496
MinimumVisualStudioVersion = 10.0.40219.1
Project("{FAE04EC0-301F-11D3-BF4B-00C04F79EFBC}") = "BestShop", "BestShop.csproj", "{CF75EAA3-077E-4382-8DEA-8756E35E03C9}"
EndProject
Global
	GlobalSection(SolutionConfigurationPlatforms) = preSolution
		Debug|Any CPU = Debug|Any CPU
		Release|Any CPU = Release|Any CPU
	EndGlobalSection
	GlobalSection(ProjectConfigurationPlatforms) = postSolution
		{CF75EAA3-077E-4382-8DEA-8756E35E03C9}.Debug|Any CPU.ActiveCfg = Debug|Any CPU
		{CF75EAA3-077E-4382-8DEA-8756E35E03C9}.Debug|Any CPU.Build.0 = Debug|Any CPU
		{CF75EAA3-077E-4382-8DEA-8756E35E03C9}.Release|Any CPU.ActiveCfg = Release|Any CPU
		{CF75EAA3-077E-4382-8DEA-8756E35E03C9}.Release|Any CPU.Build.0 = Release|Any CPU
	EndGlobalSection
	GlobalSection(SolutionProperties) = preSolution
		HideSolutionNode = FALSE
	EndGlobalSection
	GlobalSection(ExtensibilityGlobals) = postSolution
		SolutionGuid = {6BE0E605-8604-4864-8FBF-AE7A533D6EF6}
	EndGlobalSection
EndGlobal
